
Microsoft Visual Studio Solution File, Format Version 12.00
# Visual Studio 15
VisualStudioVersion = 15.0.27428.2005
MinimumVisualStudioVersion = 10.0.40219.1
Project("{FAE04EC0-301F-11D3-BF4B-00C04F79EFBC}") = "BennettTurnerWedding", "BennettTurnerWedding\BennettTurnerWedding.csproj", "{0CB6DD91-523C-4166-9103-2DD14DB2F154}"
EndProject
Global
	GlobalSection(SolutionConfigurationPlatforms) = preSolution
		Debug|Any CPU = Debug|Any CPU
		Release|Any CPU = Release|Any CPU
	EndGlobalSection
	GlobalSection(ProjectConfigurationPlatforms) = postSolution
		{0CB6DD91-523C-4166-9103-2DD14DB2F154}.Debug|Any CPU.ActiveCfg = Debug|Any CPU
		{0CB6DD91-523C-4166-9103-2DD14DB2F154}.Debug|Any CPU.Build.0 = Debug|Any CPU
		{0CB6DD91-523C-4166-9103-2DD14DB2F154}.Release|Any CPU.ActiveCfg = Release|Any CPU
		{0CB6DD91-523C-4166-9103-2DD14DB2F154}.Release|Any CPU.Build.0 = Release|Any CPU
	EndGlobalSection
	GlobalSection(SolutionProperties) = preSolution
		HideSolutionNode = FALSE
	EndGlobalSection
	GlobalSection(ExtensibilityGlobals) = postSolution
		SolutionGuid = {B6A54472-05A9-4ECA-8212-B72A44921664}
	EndGlobalSection
EndGlobal
